
Microsoft Visual Studio Solution File, Format Version 12.00
# Visual Studio 15
VisualStudioVersion = 15.0.26124.0
MinimumVisualStudioVersion = 15.0.26124.0
Project("{FAE04EC0-301F-11D3-BF4B-00C04F79EFBC}") = "API", "API\API.csproj", "{51CC6A11-3724-47C2-B692-071401D2056B}"
EndProject
Project("{FAE04EC0-301F-11D3-BF4B-00C04F79EFBC}") = "Application", "Application\Application.csproj", "{1E57D3DB-1F60-4C76-B2AC-5B31772A2320}"
EndProject
Project("{FAE04EC0-301F-11D3-BF4B-00C04F79EFBC}") = "Persistence", "Persistence\Persistence.csproj", "{6F554EF2-3965-4140-BD45-C623E0D40E2D}"
EndProject
Project("{FAE04EC0-301F-11D3-BF4B-00C04F79EFBC}") = "Domain", "Domain\Domain.csproj", "{B82315DC-F857-4F7D-A72D-0DB9606CFF3B}"
EndProject
Global
	GlobalSection(SolutionConfigurationPlatforms) = preSolution
		Debug|Any CPU = Debug|Any CPU
		Debug|x64 = Debug|x64
		Debug|x86 = Debug|x86
		Release|Any CPU = Release|Any CPU
		Release|x64 = Release|x64
		Release|x86 = Release|x86
	EndGlobalSection
	GlobalSection(SolutionProperties) = preSolution
		HideSolutionNode = FALSE
	EndGlobalSection
	GlobalSection(ProjectConfigurationPlatforms) = postSolution
		{51CC6A11-3724-47C2-B692-071401D2056B}.Debug|Any CPU.ActiveCfg = Debug|Any CPU
		{51CC6A11-3724-47C2-B692-071401D2056B}.Debug|Any CPU.Build.0 = Debug|Any CPU
		{51CC6A11-3724-47C2-B692-071401D2056B}.Debug|x64.ActiveCfg = Debug|Any CPU
		{51CC6A11-3724-47C2-B692-071401D2056B}.Debug|x64.Build.0 = Debug|Any CPU
		{51CC6A11-3724-47C2-B692-071401D2056B}.Debug|x86.ActiveCfg = Debug|Any CPU
		{51CC6A11-3724-47C2-B692-071401D2056B}.Debug|x86.Build.0 = Debug|Any CPU
		{51CC6A11-3724-47C2-B692-071401D2056B}.Release|Any CPU.ActiveCfg = Release|Any CPU
		{51CC6A11-3724-47C2-B692-071401D2056B}.Release|Any CPU.Build.0 = Release|Any CPU
		{51CC6A11-3724-47C2-B692-071401D2056B}.Release|x64.ActiveCfg = Release|Any CPU
		{51CC6A11-3724-47C2-B692-071401D2056B}.Release|x64.Build.0 = Release|Any CPU
		{51CC6A11-3724-47C2-B692-071401D2056B}.Release|x86.ActiveCfg = Release|Any CPU
		{51CC6A11-3724-47C2-B692-071401D2056B}.Release|x86.Build.0 = Release|Any CPU
		{1E57D3DB-1F60-4C76-B2AC-5B31772A2320}.Debug|Any CPU.ActiveCfg = Debug|Any CPU
		{1E57D3DB-1F60-4C76-B2AC-5B31772A2320}.Debug|Any CPU.Build.0 = Debug|Any CPU
		{1E57D3DB-1F60-4C76-B2AC-5B31772A2320}.Debug|x64.ActiveCfg = Debug|Any CPU
		{1E57D3DB-1F60-4C76-B2AC-5B31772A2320}.Debug|x64.Build.0 = Debug|Any CPU
		{1E57D3DB-1F60-4C76-B2AC-5B31772A2320}.Debug|x86.ActiveCfg = Debug|Any CPU
		{1E57D3DB-1F60-4C76-B2AC-5B31772A2320}.Debug|x86.Build.0 = Debug|Any CPU
		{1E57D3DB-1F60-4C76-B2AC-5B31772A2320}.Release|Any CPU.ActiveCfg = Release|Any CPU
		{1E57D3DB-1F60-4C76-B2AC-5B31772A2320}.Release|Any CPU.Build.0 = Release|Any CPU
		{1E57D3DB-1F60-4C76-B2AC-5B31772A2320}.Release|x64.ActiveCfg = Release|Any CPU
		{1E57D3DB-1F60-4C76-B2AC-5B31772A2320}.Release|x64.Build.0 = Release|Any CPU
		{1E57D3DB-1F60-4C76-B2AC-5B31772A2320}.Release|x86.ActiveCfg = Release|Any CPU
		{1E57D3DB-1F60-4C76-B2AC-5B31772A2320}.Release|x86.Build.0 = Release|Any CPU
		{6F554EF2-3965-4140-BD45-C623E0D40E2D}.Debug|Any CPU.ActiveCfg = Debug|Any CPU
		{6F554EF2-3965-4140-BD45-C623E0D40E2D}.Debug|Any CPU.Build.0 = Debug|Any CPU
		{6F554EF2-3965-4140-BD45-C623E0D40E2D}.Debug|x64.ActiveCfg = Debug|Any CPU
		{6F554EF2-3965-4140-BD45-C623E0D40E2D}.Debug|x64.Build.0 = Debug|Any CPU
		{6F554EF2-3965-4140-BD45-C623E0D40E2D}.Debug|x86.ActiveCfg = Debug|Any CPU
		{6F554EF2-3965-4140-BD45-C623E0D40E2D}.Debug|x86.Build.0 = Debug|Any CPU
		{6F554EF2-3965-4140-BD45-C623E0D40E2D}.Release|Any CPU.ActiveCfg = Release|Any CPU
		{6F554EF2-3965-4140-BD45-C623E0D40E2D}.Release|Any CPU.Build.0 = Release|Any CPU
		{6F554EF2-3965-4140-BD45-C623E0D40E2D}.Release|x64.ActiveCfg = Release|Any CPU
		{6F554EF2-3965-4140-BD45-C623E0D40E2D}.Release|x64.Build.0 = Release|Any CPU
		{6F554EF2-3965-4140-BD45-C623E0D40E2D}.Release|x86.ActiveCfg = Release|Any CPU
		{6F554EF2-3965-4140-BD45-C623E0D40E2D}.Release|x86.Build.0 = Release|Any CPU
		{B82315DC-F857-4F7D-A72D-0DB9606CFF3B}.Debug|Any CPU.ActiveCfg = Debug|Any CPU
		{B82315DC-F857-4F7D-A72D-0DB9606CFF3B}.Debug|Any CPU.Build.0 = Debug|Any CPU
		{B82315DC-F857-4F7D-A72D-0DB9606CFF3B}.Debug|x64.ActiveCfg = Debug|Any CPU
		{B82315DC-F857-4F7D-A72D-0DB9606CFF3B}.Debug|x64.Build.0 = Debug|Any CPU
		{B82315DC-F857-4F7D-A72D-0DB9606CFF3B}.Debug|x86.ActiveCfg = Debug|Any CPU
		{B82315DC-F857-4F7D-A72D-0DB9606CFF3B}.Debug|x86.Build.0 = Debug|Any CPU
		{B82315DC-F857-4F7D-A72D-0DB9606CFF3B}.Release|Any CPU.ActiveCfg = Release|Any CPU
		{B82315DC-F857-4F7D-A72D-0DB9606CFF3B}.Release|Any CPU.Build.0 = Release|Any CPU
		{B82315DC-F857-4F7D-A72D-0DB9606CFF3B}.Release|x64.ActiveCfg = Release|Any CPU
		{B82315DC-F857-4F7D-A72D-0DB9606CFF3B}.Release|x64.Build.0 = Release|Any CPU
		{B82315DC-F857-4F7D-A72D-0DB9606CFF3B}.Release|x86.ActiveCfg = Release|Any CPU
		{B82315DC-F857-4F7D-A72D-0DB9606CFF3B}.Release|x86.Build.0 = Release|Any CPU
	EndGlobalSection
EndGlobal
